
Microsoft Visual Studio Solution File, Format Version 12.00
# Visual Studio Version 16
VisualStudioVersion = 16.0.31605.320
MinimumVisualStudioVersion = 10.0.40219.1
Project("{8BC9CEB8-8B4A-11D0-8D11-00A0C91BC942}") = "DreamyGRO", "DreamyGRO.vcxproj", "{E65F63BD-6DA4-4A90-9B53-D5DEA7AEA701}"
	ProjectSection(ProjectDependencies) = postProject
		{5C9FD859-DDF9-4510-8397-B329B0AE8C48} = {5C9FD859-DDF9-4510-8397-B329B0AE8C48}
	EndProjectSection
EndProject
Project("{2150E333-8FDC-42A3-9474-1A3956D46DE8}") = "ZipLib", "ZipLib", "{71248ADE-50A7-46F5-B959-6A3C4B8D9914}"
EndProject
Project("{8BC9CEB8-8B4A-11D0-8D11-00A0C91BC942}") = "DreamyGRO", "DreamyGRO_Linux.vcxproj", "{B18DD25F-86A8-4D32-8D15-57AF0C1BD3F2}"
	ProjectSection(ProjectDependencies) = postProject
		{5E65BBC5-6F01-4EC5-A1E0-A667880CADF6} = {5E65BBC5-6F01-4EC5-A1E0-A667880CADF6}
	EndProjectSection
EndProject
Project("{2150E333-8FDC-42A3-9474-1A3956D46DE8}") = "ZipLib", "ZipLib", "{20BAFBC7-B06E-4937-A37B-216EC1753B17}"
EndProject
Project("{2150E333-8FDC-42A3-9474-1A3956D46DE8}") = "Win32", "Win32", "{479A6022-9B62-4FEF-AB0C-8AB4E7990A7F}"
EndProject
Project("{2150E333-8FDC-42A3-9474-1A3956D46DE8}") = "Linux", "Linux", "{FCD6B062-7611-4A81-B98A-9623724AB36A}"
EndProject
Project("{8BC9CEB8-8B4A-11D0-8D11-00A0C91BC942}") = "bzip2", "ZipLib\Source\ZipLib\extlibs\bzip2\bzip2.vcxproj", "{DBBF348D-C221-4F2E-8A0D-24EFA0D98E71}"
EndProject
Project("{8BC9CEB8-8B4A-11D0-8D11-00A0C91BC942}") = "lzma", "ZipLib\Source\ZipLib\extlibs\lzma\lzma.vcxproj", "{7EAD1358-3E72-4FB6-A212-25D462B5C1E9}"
EndProject
Project("{8BC9CEB8-8B4A-11D0-8D11-00A0C91BC942}") = "zlib", "ZipLib\Source\ZipLib\extlibs\zlib\zlib.vcxproj", "{BAEB16B3-DB4C-432F-9E6A-2ACADEA0691D}"
EndProject
Project("{8BC9CEB8-8B4A-11D0-8D11-00A0C91BC942}") = "ZipLib", "ZipLib\Source\ZipLib\ZipLib.vcxproj", "{5C9FD859-DDF9-4510-8397-B329B0AE8C48}"
	ProjectSection(ProjectDependencies) = postProject
		{7EAD1358-3E72-4FB6-A212-25D462B5C1E9} = {7EAD1358-3E72-4FB6-A212-25D462B5C1E9}
		{DBBF348D-C221-4F2E-8A0D-24EFA0D98E71} = {DBBF348D-C221-4F2E-8A0D-24EFA0D98E71}
		{BAEB16B3-DB4C-432F-9E6A-2ACADEA0691D} = {BAEB16B3-DB4C-432F-9E6A-2ACADEA0691D}
	EndProjectSection
EndProject
Project("{8BC9CEB8-8B4A-11D0-8D11-00A0C91BC942}") = "ZipLib", "ZipLib\Source\ZipLib\ZipLib_Linux.vcxproj", "{5E65BBC5-6F01-4EC5-A1E0-A667880CADF6}"
	ProjectSection(ProjectDependencies) = postProject
		{BB81290F-D7CC-4275-BF8D-5BBAF7EB8450} = {BB81290F-D7CC-4275-BF8D-5BBAF7EB8450}
		{6E02F1AC-4F15-4991-9FF1-C03B68D2EAFE} = {6E02F1AC-4F15-4991-9FF1-C03B68D2EAFE}
		{877676ED-2913-4F2E-A0FB-FBB5595C31B0} = {877676ED-2913-4F2E-A0FB-FBB5595C31B0}
	EndProjectSection
EndProject
Project("{8BC9CEB8-8B4A-11D0-8D11-00A0C91BC942}") = "bzip2", "ZipLib\Source\ZipLib\extlibs\bzip2\bzip2_Linux.vcxproj", "{877676ED-2913-4F2E-A0FB-FBB5595C31B0}"
EndProject
Project("{8BC9CEB8-8B4A-11D0-8D11-00A0C91BC942}") = "lzma", "ZipLib\Source\ZipLib\extlibs\lzma\lzma_Linux.vcxproj", "{BB81290F-D7CC-4275-BF8D-5BBAF7EB8450}"
EndProject
Project("{8BC9CEB8-8B4A-11D0-8D11-00A0C91BC942}") = "zlib", "ZipLib\Source\ZipLib\extlibs\zlib\zlib_Linux.vcxproj", "{6E02F1AC-4F15-4991-9FF1-C03B68D2EAFE}"
EndProject
Global
	GlobalSection(SolutionConfigurationPlatforms) = preSolution
		Debug|x64 = Debug|x64
		Debug|x86 = Debug|x86
		Release|x64 = Release|x64
		Release|x86 = Release|x86
	EndGlobalSection
	GlobalSection(ProjectConfigurationPlatforms) = postSolution
		{E65F63BD-6DA4-4A90-9B53-D5DEA7AEA701}.Debug|x64.ActiveCfg = Debug|x64
		{E65F63BD-6DA4-4A90-9B53-D5DEA7AEA701}.Debug|x64.Build.0 = Debug|x64
		{E65F63BD-6DA4-4A90-9B53-D5DEA7AEA701}.Debug|x86.ActiveCfg = Debug|Win32
		{E65F63BD-6DA4-4A90-9B53-D5DEA7AEA701}.Debug|x86.Build.0 = Debug|Win32
		{E65F63BD-6DA4-4A90-9B53-D5DEA7AEA701}.Release|x64.ActiveCfg = Release|x64
		{E65F63BD-6DA4-4A90-9B53-D5DEA7AEA701}.Release|x64.Build.0 = Release|x64
		{E65F63BD-6DA4-4A90-9B53-D5DEA7AEA701}.Release|x86.ActiveCfg = Release|Win32
		{E65F63BD-6DA4-4A90-9B53-D5DEA7AEA701}.Release|x86.Build.0 = Release|Win32
		{B18DD25F-86A8-4D32-8D15-57AF0C1BD3F2}.Debug|x64.ActiveCfg = Debug|x64
		{B18DD25F-86A8-4D32-8D15-57AF0C1BD3F2}.Debug|x64.Build.0 = Debug|x64
		{B18DD25F-86A8-4D32-8D15-57AF0C1BD3F2}.Debug|x64.Deploy.0 = Debug|x64
		{B18DD25F-86A8-4D32-8D15-57AF0C1BD3F2}.Debug|x86.ActiveCfg = Debug|x86
		{B18DD25F-86A8-4D32-8D15-57AF0C1BD3F2}.Debug|x86.Build.0 = Debug|x86
		{B18DD25F-86A8-4D32-8D15-57AF0C1BD3F2}.Debug|x86.Deploy.0 = Debug|x86
		{B18DD25F-86A8-4D32-8D15-57AF0C1BD3F2}.Release|x64.ActiveCfg = Release|x64
		{B18DD25F-86A8-4D32-8D15-57AF0C1BD3F2}.Release|x64.Build.0 = Release|x64
		{B18DD25F-86A8-4D32-8D15-57AF0C1BD3F2}.Release|x64.Deploy.0 = Release|x64
		{B18DD25F-86A8-4D32-8D15-57AF0C1BD3F2}.Release|x86.ActiveCfg = Release|x86
		{B18DD25F-86A8-4D32-8D15-57AF0C1BD3F2}.Release|x86.Build.0 = Release|x86
		{B18DD25F-86A8-4D32-8D15-57AF0C1BD3F2}.Release|x86.Deploy.0 = Release|x86
		{DBBF348D-C221-4F2E-8A0D-24EFA0D98E71}.Debug|x64.ActiveCfg = Debug|x64
		{DBBF348D-C221-4F2E-8A0D-24EFA0D98E71}.Debug|x64.Build.0 = Debug|x64
		{DBBF348D-C221-4F2E-8A0D-24EFA0D98E71}.Debug|x86.ActiveCfg = Debug|Win32
		{DBBF348D-C221-4F2E-8A0D-24EFA0D98E71}.Debug|x86.Build.0 = Debug|Win32
		{DBBF348D-C221-4F2E-8A0D-24EFA0D98E71}.Release|x64.ActiveCfg = Release|x64
		{DBBF348D-C221-4F2E-8A0D-24EFA0D98E71}.Release|x64.Build.0 = Release|x64
		{DBBF348D-C221-4F2E-8A0D-24EFA0D98E71}.Release|x86.ActiveCfg = Release|Win32
		{DBBF348D-C221-4F2E-8A0D-24EFA0D98E71}.Release|x86.Build.0 = Release|Win32
		{7EAD1358-3E72-4FB6-A212-25D462B5C1E9}.Debug|x64.ActiveCfg = Debug|x64
		{7EAD1358-3E72-4FB6-A212-25D462B5C1E9}.Debug|x64.Build.0 = Debug|x64
		{7EAD1358-3E72-4FB6-A212-25D462B5C1E9}.Debug|x86.ActiveCfg = Debug|Win32
		{7EAD1358-3E72-4FB6-A212-25D462B5C1E9}.Debug|x86.Build.0 = Debug|Win32
		{7EAD1358-3E72-4FB6-A212-25D462B5C1E9}.Release|x64.ActiveCfg = Release|x64
		{7EAD1358-3E72-4FB6-A212-25D462B5C1E9}.Release|x64.Build.0 = Release|x64
		{7EAD1358-3E72-4FB6-A212-25D462B5C1E9}.Release|x86.ActiveCfg = Release|Win32
		{7EAD1358-3E72-4FB6-A212-25D462B5C1E9}.Release|x86.Build.0 = Release|Win32
		{BAEB16B3-DB4C-432F-9E6A-2ACADEA0691D}.Debug|x64.ActiveCfg = Debug|x64
		{BAEB16B3-DB4C-432F-9E6A-2ACADEA0691D}.Debug|x64.Build.0 = Debug|x64
		{BAEB16B3-DB4C-432F-9E6A-2ACADEA0691D}.Debug|x86.ActiveCfg = Debug|Win32
		{BAEB16B3-DB4C-432F-9E6A-2ACADEA0691D}.Debug|x86.Build.0 = Debug|Win32
		{BAEB16B3-DB4C-432F-9E6A-2ACADEA0691D}.Release|x64.ActiveCfg = Release|x64
		{BAEB16B3-DB4C-432F-9E6A-2ACADEA0691D}.Release|x64.Build.0 = Release|x64
		{BAEB16B3-DB4C-432F-9E6A-2ACADEA0691D}.Release|x86.ActiveCfg = Release|Win32
		{BAEB16B3-DB4C-432F-9E6A-2ACADEA0691D}.Release|x86.Build.0 = Release|Win32
		{5C9FD859-DDF9-4510-8397-B329B0AE8C48}.Debug|x64.ActiveCfg = Debug|x64
		{5C9FD859-DDF9-4510-8397-B329B0AE8C48}.Debug|x64.Build.0 = Debug|x64
		{5C9FD859-DDF9-4510-8397-B329B0AE8C48}.Debug|x86.ActiveCfg = Debug|Win32
		{5C9FD859-DDF9-4510-8397-B329B0AE8C48}.Debug|x86.Build.0 = Debug|Win32
		{5C9FD859-DDF9-4510-8397-B329B0AE8C48}.Release|x64.ActiveCfg = Release|x64
		{5C9FD859-DDF9-4510-8397-B329B0AE8C48}.Release|x64.Build.0 = Release|x64
		{5C9FD859-DDF9-4510-8397-B329B0AE8C48}.Release|x86.ActiveCfg = Release|Win32
		{5C9FD859-DDF9-4510-8397-B329B0AE8C48}.Release|x86.Build.0 = Release|Win32
		{5E65BBC5-6F01-4EC5-A1E0-A667880CADF6}.Debug|x64.ActiveCfg = Debug|x64
		{5E65BBC5-6F01-4EC5-A1E0-A667880CADF6}.Debug|x64.Build.0 = Debug|x64
		{5E65BBC5-6F01-4EC5-A1E0-A667880CADF6}.Debug|x64.Deploy.0 = Debug|x64
		{5E65BBC5-6F01-4EC5-A1E0-A667880CADF6}.Debug|x86.ActiveCfg = Debug|x86
		{5E65BBC5-6F01-4EC5-A1E0-A667880CADF6}.Debug|x86.Build.0 = Debug|x86
		{5E65BBC5-6F01-4EC5-A1E0-A667880CADF6}.Debug|x86.Deploy.0 = Debug|x86
		{5E65BBC5-6F01-4EC5-A1E0-A667880CADF6}.Release|x64.ActiveCfg = Release|x64
		{5E65BBC5-6F01-4EC5-A1E0-A667880CADF6}.Release|x64.Build.0 = Release|x64
		{5E65BBC5-6F01-4EC5-A1E0-A667880CADF6}.Release|x64.Deploy.0 = Release|x64
		{5E65BBC5-6F01-4EC5-A1E0-A667880CADF6}.Release|x86.ActiveCfg = Release|x86
		{5E65BBC5-6F01-4EC5-A1E0-A667880CADF6}.Release|x86.Build.0 = Release|x86
		{5E65BBC5-6F01-4EC5-A1E0-A667880CADF6}.Release|x86.Deploy.0 = Release|x86
		{877676ED-2913-4F2E-A0FB-FBB5595C31B0}.Debug|x64.ActiveCfg = Debug|x64
		{877676ED-2913-4F2E-A0FB-FBB5595C31B0}.Debug|x64.Build.0 = Debug|x64
		{877676ED-2913-4F2E-A0FB-FBB5595C31B0}.Debug|x64.Deploy.0 = Debug|x64
		{877676ED-2913-4F2E-A0FB-FBB5595C31B0}.Debug|x86.ActiveCfg = Debug|x86
		{877676ED-2913-4F2E-A0FB-FBB5595C31B0}.Debug|x86.Build.0 = Debug|x86
		{877676ED-2913-4F2E-A0FB-FBB5595C31B0}.Debug|x86.Deploy.0 = Debug|x86
		{877676ED-2913-4F2E-A0FB-FBB5595C31B0}.Release|x64.ActiveCfg = Release|x64
		{877676ED-2913-4F2E-A0FB-FBB5595C31B0}.Release|x64.Build.0 = Release|x64
		{877676ED-2913-4F2E-A0FB-FBB5595C31B0}.Release|x64.Deploy.0 = Release|x64
		{877676ED-2913-4F2E-A0FB-FBB5595C31B0}.Release|x86.ActiveCfg = Release|x86
		{877676ED-2913-4F2E-A0FB-FBB5595C31B0}.Release|x86.Build.0 = Release|x86
		{877676ED-2913-4F2E-A0FB-FBB5595C31B0}.Release|x86.Deploy.0 = Release|x86
		{BB81290F-D7CC-4275-BF8D-5BBAF7EB8450}.Debug|x64.ActiveCfg = Debug|x64
		{BB81290F-D7CC-4275-BF8D-5BBAF7EB8450}.Debug|x64.Build.0 = Debug|x64
		{BB81290F-D7CC-4275-BF8D-5BBAF7EB8450}.Debug|x64.Deploy.0 = Debug|x64
		{BB81290F-D7CC-4275-BF8D-5BBAF7EB8450}.Debug|x86.ActiveCfg = Debug|x86
		{BB81290F-D7CC-4275-BF8D-5BBAF7EB8450}.Debug|x86.Build.0 = Debug|x86
		{BB81290F-D7CC-4275-BF8D-5BBAF7EB8450}.Debug|x86.Deploy.0 = Debug|x86
		{BB81290F-D7CC-4275-BF8D-5BBAF7EB8450}.Release|x64.ActiveCfg = Release|x64
		{BB81290F-D7CC-4275-BF8D-5BBAF7EB8450}.Release|x64.Build.0 = Release|x64
		{BB81290F-D7CC-4275-BF8D-5BBAF7EB8450}.Release|x64.Deploy.0 = Release|x64
		{BB81290F-D7CC-4275-BF8D-5BBAF7EB8450}.Release|x86.ActiveCfg = Release|x86
		{BB81290F-D7CC-4275-BF8D-5BBAF7EB8450}.Release|x86.Build.0 = Release|x86
		{BB81290F-D7CC-4275-BF8D-5BBAF7EB8450}.Release|x86.Deploy.0 = Release|x86
		{6E02F1AC-4F15-4991-9FF1-C03B68D2EAFE}.Debug|x64.ActiveCfg = Debug|x64
		{6E02F1AC-4F15-4991-9FF1-C03B68D2EAFE}.Debug|x64.Build.0 = Debug|x64
		{6E02F1AC-4F15-4991-9FF1-C03B68D2EAFE}.Debug|x64.Deploy.0 = Debug|x64
		{6E02F1AC-4F15-4991-9FF1-C03B68D2EAFE}.Debug|x86.ActiveCfg = Debug|x86
		{6E02F1AC-4F15-4991-9FF1-C03B68D2EAFE}.Debug|x86.Build.0 = Debug|x86
		{6E02F1AC-4F15-4991-9FF1-C03B68D2EAFE}.Debug|x86.Deploy.0 = Debug|x86
		{6E02F1AC-4F15-4991-9FF1-C03B68D2EAFE}.Release|x64.ActiveCfg = Release|x64
		{6E02F1AC-4F15-4991-9FF1-C03B68D2EAFE}.Release|x64.Build.0 = Release|x64
		{6E02F1AC-4F15-4991-9FF1-C03B68D2EAFE}.Release|x64.Deploy.0 = Release|x64
		{6E02F1AC-4F15-4991-9FF1-C03B68D2EAFE}.Release|x86.ActiveCfg = Release|x86
		{6E02F1AC-4F15-4991-9FF1-C03B68D2EAFE}.Release|x86.Build.0 = Release|x86
		{6E02F1AC-4F15-4991-9FF1-C03B68D2EAFE}.Release|x86.Deploy.0 = Release|x86
	EndGlobalSection
	GlobalSection(SolutionProperties) = preSolution
		HideSolutionNode = FALSE
	EndGlobalSection
	GlobalSection(NestedProjects) = preSolution
		{E65F63BD-6DA4-4A90-9B53-D5DEA7AEA701} = {479A6022-9B62-4FEF-AB0C-8AB4E7990A7F}
		{71248ADE-50A7-46F5-B959-6A3C4B8D9914} = {479A6022-9B62-4FEF-AB0C-8AB4E7990A7F}
		{B18DD25F-86A8-4D32-8D15-57AF0C1BD3F2} = {FCD6B062-7611-4A81-B98A-9623724AB36A}
		{20BAFBC7-B06E-4937-A37B-216EC1753B17} = {FCD6B062-7611-4A81-B98A-9623724AB36A}
		{DBBF348D-C221-4F2E-8A0D-24EFA0D98E71} = {71248ADE-50A7-46F5-B959-6A3C4B8D9914}
		{7EAD1358-3E72-4FB6-A212-25D462B5C1E9} = {71248ADE-50A7-46F5-B959-6A3C4B8D9914}
		{BAEB16B3-DB4C-432F-9E6A-2ACADEA0691D} = {71248ADE-50A7-46F5-B959-6A3C4B8D9914}
		{5C9FD859-DDF9-4510-8397-B329B0AE8C48} = {71248ADE-50A7-46F5-B959-6A3C4B8D9914}
		{5E65BBC5-6F01-4EC5-A1E0-A667880CADF6} = {20BAFBC7-B06E-4937-A37B-216EC1753B17}
		{877676ED-2913-4F2E-A0FB-FBB5595C31B0} = {20BAFBC7-B06E-4937-A37B-216EC1753B17}
		{BB81290F-D7CC-4275-BF8D-5BBAF7EB8450} = {20BAFBC7-B06E-4937-A37B-216EC1753B17}
		{6E02F1AC-4F15-4991-9FF1-C03B68D2EAFE} = {20BAFBC7-B06E-4937-A37B-216EC1753B17}
	EndGlobalSection
	GlobalSection(ExtensibilityGlobals) = postSolution
		SolutionGuid = {1BFC6C4E-9AE1-47BB-8F70-A259C502B2A2}
	EndGlobalSection
EndGlobal
